
Microsoft Visual Studio Solution File, Format Version 12.00
# Visual Studio Version 17
VisualStudioVersion = 17.3.32825.248
MinimumVisualStudioVersion = 10.0.40219.1
Project("{8BC9CEB8-8B4A-11D0-8D11-00A0C91BC942}") = "dzPole", "dzPole\dzPole.vcxproj", "{80FFB167-72A1-401A-82D3-24AE0CB7065A}"
EndProject
Global
	GlobalSection(SolutionConfigurationPlatforms) = preSolution
		Debug|x64 = Debug|x64
		Debug|x86 = Debug|x86
		Release|x64 = Release|x64
		Release|x86 = Release|x86
	EndGlobalSection
	GlobalSection(ProjectConfigurationPlatforms) = postSolution
		{80FFB167-72A1-401A-82D3-24AE0CB7065A}.Debug|x64.ActiveCfg = Debug|x64
		{80FFB167-72A1-401A-82D3-24AE0CB7065A}.Debug|x64.Build.0 = Debug|x64
		{80FFB167-72A1-401A-82D3-24AE0CB7065A}.Debug|x86.ActiveCfg = Debug|Win32
		{80FFB167-72A1-401A-82D3-24AE0CB7065A}.Debug|x86.Build.0 = Debug|Win32
		{80FFB167-72A1-401A-82D3-24AE0CB7065A}.Release|x64.ActiveCfg = Release|x64
		{80FFB167-72A1-401A-82D3-24AE0CB7065A}.Release|x64.Build.0 = Release|x64
		{80FFB167-72A1-401A-82D3-24AE0CB7065A}.Release|x86.ActiveCfg = Release|Win32
		{80FFB167-72A1-401A-82D3-24AE0CB7065A}.Release|x86.Build.0 = Release|Win32
	EndGlobalSection
	GlobalSection(SolutionProperties) = preSolution
		HideSolutionNode = FALSE
	EndGlobalSection
	GlobalSection(ExtensibilityGlobals) = postSolution
		SolutionGuid = {54F9AF54-4A5A-45D5-9892-B13FE741FDF9}
	EndGlobalSection
EndGlobal
